uuid: ec925a1a-9a6a-44a8-8ef3-3a14795d1973
langcode: en
status: true
dependencies:
  config:
    - block_content.type.multiple_block
  module:
    - content_translation
third_party_settings:
  content_translation:
    enabled: true
    bundle_settings:
      untranslatable_fields_hide: '0'
id: block_content.multiple_block
target_entity_type_id: block_content
target_bundle: multiple_block
default_langcode: site_default
language_alterable: true
