uuid: c8cc6a92-1fe7-4847-8dd8-5c1e8ab5f4cd
langcode: en
status: true
dependencies:
  module:
    - erpw_location
  theme:
    - erpw
id: pendingcountservicesblock
theme: erpw
region: hidden_section
weight: 0
provider: null
plugin: pending_count_services_block
settings:
  id: pending_count_services_block
  label: 'Pending Count Services Block'
  label_display: '0'
  provider: erpw_location
visibility: {  }
