uuid: 6a2235ea-fb99-4532-886e-a06aeaef0d36
langcode: en
status: true
dependencies:
  module:
    - vss_custom
  theme:
    - amptheme
id: amptheme_socialiconsfooterblock
theme: amptheme
region: sidebar_first
weight: -4
provider: null
plugin: social_icons_footer_block
settings:
  id: social_icons_footer_block
  label: 'Social icons footer block'
  provider: vss_custom
  label_display: '0'
visibility: {  }
