uuid: 66a2c8f2-a8a9-404d-a94e-a71bde3b8553
langcode: en
status: true
dependencies:
  content:
    - 'block_content:services_block:d2ceb475-318a-4e78-a997-9ee6b467f323'
  module:
    - block_content
  theme:
    - vss_amp
id: amp_servicesblock
theme: vss_amp
region: content
weight: -6
provider: null
plugin: 'block_content:d2ceb475-318a-4e78-a997-9ee6b467f323'
settings:
  id: 'block_content:d2ceb475-318a-4e78-a997-9ee6b467f323'
  label: 'Services block'
  label_display: visible
  provider: block_content
  status: true
  info: ''
  view_mode: full
visibility: {  }
