uuid: 4f3837a6-4f50-4876-bf3e-8aca203a37c1
langcode: en
status: true
dependencies:
  module:
    - vss_custom
  theme:
    - amptheme
id: amptheme_exitwebsiteblock
theme: amptheme
region: sidebar_first
weight: -4
provider: null
plugin: exit_website_block
settings:
  id: exit_website_block
  label: 'Exit Website Block'
  provider: vss_custom
  label_display: '0'
  exit_website_settings: null
visibility: {  }
