uuid: 62c9745d-ce25-41d3-817d-8f57cd5798d8
langcode: en
status: true
dependencies:
  module:
    - vss_custom
  theme:
    - vss
id: disclaimerpopupblock
theme: vss
region: header
weight: 0
provider: null
plugin: disclaimer_pop_up_block
settings:
  id: disclaimer_pop_up_block
  label: 'Disclaimer pop up block'
  provider: vss_custom
  label_display: '0'
visibility: {  }
