uuid: 06736ce9-4bec-4a76-97b5-2f1d6175ecbe
langcode: en
status: true
dependencies:
  module:
    - system
    - vss_custom
  theme:
    - vss
id: exitwebsiteblock
theme: vss
region: navigation
weight: -4
provider: null
plugin: exit_website_block
settings:
  id: exit_website_block
  label: 'Exit Website Block'
  label_display: '0'
  provider: vss_custom
  exit_website_settings: null
visibility:
  request_path:
    id: request_path
    negate: true
    pages: /country-selector
