uuid: 11a3a148-bd7a-4fdf-81fe-266e5acda75c
langcode: en
status: false
dependencies:
  module:
    - vss_custom
  theme:
    - vss_amp
id: vss_amp_disclaimerpopupblock
theme: vss_amp
region: header
weight: -3
provider: null
plugin: disclaimer_pop_up_block
settings:
  id: disclaimer_pop_up_block
  label: 'Disclaimer pop up block'
  label_display: '0'
  provider: vss_custom
visibility: {  }
