uuid: 4bf812c2-8676-4d0b-a4c1-bb76a8371d6b
langcode: en
status: true
dependencies:
  module:
    - system
    - vss_custom
  theme:
    - vss
id: virtualsafespaceblock
theme: vss
region: content
weight: 0
provider: null
plugin: virtual_safe_space_block
settings:
  id: virtual_safe_space_block
  label: 'Virtual Safe Space block'
  label_display: '0'
  provider: vss_custom
visibility:
  request_path:
    id: request_path
    negate: false
    pages: /virtual-safe-space
