uuid: 2fa23012-faf3-48ea-af42-75e50b454959
langcode: en
status: false
dependencies:
  module:
    - vss_custom
  theme:
    - vss_amp
id: vss_amp_socialiconsfooterblock
theme: vss_amp
region: footer
weight: -2
provider: null
plugin: social_icons_footer_block
settings:
  id: social_icons_footer_block
  label: 'Social icons footer block'
  label_display: '0'
  provider: vss_custom
visibility: {  }
