uuid: 14609500-97ac-42f6-a439-4dd0275b9732
langcode: en
status: true
dependencies:
  module:
    - system
    - vss_custom
  theme:
    - vss
id: socialiconsfooterblock
theme: vss
region: footer_top
weight: -4
provider: null
plugin: social_icons_footer_block
settings:
  id: social_icons_footer_block
  label: 'Social icons footer block'
  label_display: '0'
  provider: vss_custom
visibility:
  request_path:
    id: request_path
    negate: true
    pages: /country-selector
