uuid: 505844d6-d8aa-4d3f-b0da-bf04d3ee949a
langcode: en
status: true
dependencies:
  module:
    - vss_custom
  theme:
    - vss_amp
id: vss_amp_exitwebsiteblock
theme: vss_amp
region: header
weight: -4
provider: null
plugin: exit_website_block
settings:
  id: exit_website_block
  label: 'Exit Website Block'
  provider: vss_custom
  label_display: '0'
  exit_website_settings: null
visibility: {  }
