uuid: 7b31ea0b-f847-4189-a48b-e6267c6ca057
langcode: en
status: true
dependencies:
  module:
    - system
    - vss_custom
  theme:
    - vss
id: discoverblock
theme: vss
region: content
weight: -11
provider: null
plugin: discover_block
settings:
  id: discover_block
  label: 'Discover Block'
  label_display: '0'
  provider: vss_custom
visibility:
  request_path:
    id: request_path
    negate: false
    pages: '<front>'
