uuid: 1d474a31-78e9-442a-b351-045b0f758460
langcode: en
status: true
dependencies:
  module:
    - system
    - views_exposed_filter_blocks
  theme:
    - vss_amp
id: amp_viewsexposedfilterblock
theme: vss_amp
region: content
weight: -9
provider: null
plugin: views_exposed_filter_blocks_block
settings:
  id: views_exposed_filter_blocks_block
  label: Search
  label_display: '0'
  provider: views_exposed_filter_blocks
  view_display: 'search:page_1'
visibility:
  request_path:
    id: request_path
    negate: false
    pages: '<front>'
