uuid: 5d69ce79-a9e7-4628-84e5-cf048c68eb43
langcode: en
status: true
dependencies:
  module:
    - vss_custom
  theme:
    - vss
id: globalstickyblock
theme: vss
region: global_sticky
weight: -10
provider: null
plugin: global_sticky_block
settings:
  id: global_sticky_block
  label: 'Global Sticky block'
  label_display: '0'
  provider: vss_custom
visibility: {  }
