uuid: 78f2e572-d092-4934-ba0c-032bba085be7
langcode: en
status: true
dependencies:
  module:
    - system
    - vss_custom
  theme:
    - vss
id: locationselectorblock
theme: vss
region: content
weight: 0
provider: null
plugin: location_selector_block
settings:
  id: location_selector_block
  label: 'Location Selector block'
  label_display: '0'
  provider: vss_custom
visibility:
  request_path:
    id: request_path
    negate: false
    pages: '<front>'
