uuid: 76f4bb64-322c-468f-928c-25b17b47b845
langcode: en
status: true
dependencies:
  module:
    - ctools
    - vss_custom
  theme:
    - vss
id: herobannerblock
theme: vss
region: content
weight: -11
provider: null
plugin: hero_banner_block
settings:
  id: hero_banner_block
  label: 'Hero Banner block'
  label_display: '0'
  provider: vss_custom
visibility:
  'entity_bundle:taxonomy_term':
    id: 'entity_bundle:taxonomy_term'
    negate: false
    context_mapping:
      taxonomy_term: '@taxonomy_term.taxonomy_term_route_context:taxonomy_term'
    bundles:
      categories: categories
