uuid: 774366e2-b466-49a8-9cec-1e02744ceacd
langcode: en
status: true
dependencies:
  config:
    - block_content.type.words_from_experts_block
  module:
    - content_translation
third_party_settings:
  content_translation:
    enabled: true
    bundle_settings:
      untranslatable_fields_hide: '0'
id: block_content.words_from_experts_block
target_entity_type_id: block_content
target_bundle: words_from_experts_block
default_langcode: site_default
language_alterable: false
