uuid: 259327a8-c591-4683-ba1b-4ae73f53011f
langcode: en
status: true
dependencies:
  module:
    - erpw_custom
    - system
  theme:
    - erpw
id: customaddnewuserblock
theme: erpw
region: content
weight: -9
provider: null
plugin: custom_add_user_block
settings:
  id: custom_add_user_block
  label: 'Custom Add New User Block'
  label_display: '0'
  provider: erpw_custom
visibility:
  request_path:
    id: request_path
    negate: false
    pages: /users-list
